
Microsoft Visual Studio Solution File, Format Version 12.00
# Visual Studio Version 16
VisualStudioVersion = 16.0.32510.428
MinimumVisualStudioVersion = 10.0.40219.1
Project("{FAE04EC0-301F-11D3-BF4B-00C04F79EFBC}") = "BirdInheritance", "BirdInheritance\BirdInheritance.csproj", "{CBB15BED-330F-4CC4-BA2E-CD265E6B2389}"
EndProject
Global
	GlobalSection(SolutionConfigurationPlatforms) = preSolution
		Debug|Any CPU = Debug|Any CPU
		Release|Any CPU = Release|Any CPU
	EndGlobalSection
	GlobalSection(ProjectConfigurationPlatforms) = postSolution
		{CBB15BED-330F-4CC4-BA2E-CD265E6B2389}.Debug|Any CPU.ActiveCfg = Debug|Any CPU
		{CBB15BED-330F-4CC4-BA2E-CD265E6B2389}.Debug|Any CPU.Build.0 = Debug|Any CPU
		{CBB15BED-330F-4CC4-BA2E-CD265E6B2389}.Release|Any CPU.ActiveCfg = Release|Any CPU
		{CBB15BED-330F-4CC4-BA2E-CD265E6B2389}.Release|Any CPU.Build.0 = Release|Any CPU
	EndGlobalSection
	GlobalSection(SolutionProperties) = preSolution
		HideSolutionNode = FALSE
	EndGlobalSection
	GlobalSection(ExtensibilityGlobals) = postSolution
		SolutionGuid = {45022BA5-A203-4389-9A62-8A236615A319}
	EndGlobalSection
EndGlobal
